{
  "name": "electron-scetch-renderer",
  "version": "1.0.2",
  "lockfileVersion": 1,
  "requires": true,
  "dependencies": {
    "mime": {
      "version": "2.5.2",
      "resolved": "https://registry.npmjs.org/mime/-/mime-2.5.2.tgz",
      "integrity": "sha512-tqkh47FzKeCPD2PUiPB6pkbMzsCasjxAfC62/Wap5qrUWcb+sFasXUC5I3gYM5iBM8v/Qpn4UK0x+j0iHyFPDg=="
    },
    "scetch": {
      "version": "1.5.4",
      "resolved": "https://registry.npmjs.org/scetch/-/scetch-1.5.4.tgz",
      "integrity": "sha512-r45W9NcgdDMD2ybMJQzHpDPqA5gPhrvDMJ3D72TUhomNWRVwBJ8YFKFsDxoJulhkuJEIehKIkqs0Nvmo7dATCA=="
    }
  }
}
